Microsoft Visual Studio Solution File, Format Version 12.00
# Visual Studio Version 16
VisualStudioVersion = 16.0.30413.136
MinimumVisualStudioVersion = 10.0.40219.1
Project("{FAE04EC0-301F-11D3-BF4B-00C04F79EFBC}") = "SimpleXMLValidator2", "SimpleXMLValidator2.csproj", "{8B631A01-157B-475F-A799-7C3309B9BB58}"
EndProject
Global
	GlobalSection(SolutionConfigurationPlatforms) = preSolution
		Debug|Any CPU = Debug|Any CPU
		Release|Any CPU = Release|Any CPU
	EndGlobalSection
	GlobalSection(ProjectConfigurationPlatforms) = postSolution
		{8B631A01-157B-475F-A799-7C3309B9BB58}.Debug|Any CPU.ActiveCfg = Debug|Any CPU
		{8B631A01-157B-475F-A799-7C3309B9BB58}.Debug|Any CPU.Build.0 = Debug|Any CPU
		{8B631A01-157B-475F-A799-7C3309B9BB58}.Release|Any CPU.ActiveCfg = Release|Any CPU
		{8B631A01-157B-475F-A799-7C3309B9BB58}.Release|Any CPU.Build.0 = Release|Any CPU
	EndGlobalSection
	GlobalSection(SolutionProperties) = preSolution
		HideSolutionNode = FALSE
	EndGlobalSection
	GlobalSection(ExtensibilityGlobals) = postSolution
		SolutionGuid = {E7F1F381-9FDE-4D45-B5D2-232781D26210}
	EndGlobalSection
EndGlobal
